// !$*UTF8*$!
{
	archiveVersion = 1;
	classes = {
	};
	objectVersion = 56;
	objects = {

/* Begin PBXBuildFile section */
		18AF70102CC52F2200A15A05 /* selfMaxApp.swift in Sources */ = {isa = PBXBuildFile; fileRef = 18AF700F2CC52F2200A15A05 /* selfMaxApp.swift */; };
		18AF70122CC52F2200A15A05 /* ContentView.swift in Sources */ = {isa = PBXBuildFile; fileRef = 18AF70112CC52F2200A15A05 /* ContentView.swift */; };
		18AF70142CC52F2300A15A05 /* Assets.xcassets in Resources */ = {isa = PBXBuildFile; fileRef = 18AF70132CC52F2300A15A05 /* Assets.xcassets */; };
		18AF70172CC52F2300A15A05 /* Preview Assets.xcassets in Resources */ = {isa = PBXBuildFile; fileRef = 18AF70162CC52F2300A15A05 /* Preview Assets.xcassets */; };
		18AF70212CC52F2300A15A05 /* selfMaxTests.swift in Sources */ = {isa = PBXBuildFile; fileRef = 18AF70202CC52F2300A15A05 /* selfMaxTests.swift */; };
		18AF702B2CC52F2300A15A05 /* selfMaxUITests.swift in Sources */ = {isa = PBXBuildFile; fileRef = 18AF702A2CC52F2300A15A05 /* selfMaxUITests.swift */; };
		18AF702D2CC52F2300A15A05 /* selfMaxUITestsLaunchTests.swift in Sources */ = {isa = PBXBuildFile; fileRef = 18AF702C2CC52F2300A15A05 /* selfMaxUITestsLaunchTests.swift */; };
/* End PBXBuildFile section */

/* Begin PBXContainerItemProxy section */
		18AF701D2CC52F2300A15A05 /* PBXContainerItemProxy */ = {
			isa = PBXContainerItemProxy;
			containerPortal = 18AF70042CC52F2200A15A05 /* Project object */;
			proxyType = 1;
			remoteGlobalIDString = 18AF700B2CC52F2200A15A05;
			remoteInfo = selfMax;
		};
		18AF70272CC52F2300A15A05 /* PBXContainerItemProxy */ = {
			isa = PBXContainerItemProxy;
			containerPortal = 18AF70042CC52F2200A15A05 /* Project object */;
			proxyType = 1;
			remoteGlobalIDString = 18AF700B2CC52F2200A15A05;
			remoteInfo = selfMax;
		};
/* End PBXContainerItemProxy section */

/* Begin PBXFileReference section */
		18AF700C2CC52F2200A15A05 /* selfMax.app */ = {isa = PBXFileReference; explicitFileType = wrapper.application; includeInIndex = 0; path = selfMax.app; sourceTree = BUILT_PRODUCTS_DIR; };
		18AF700F2CC52F2200A15A05 /* selfMaxApp.swift */ = {isa = PBXFileReference; lastKnownFileType = sourcecode.swift; path = selfMaxApp.swift; sourceTree = "<group>"; };
		18AF70112CC52F2200A15A05 /* ContentView.swift */ = {isa = PBXFileReference; lastKnownFileType = sourcecode.swift; path = ContentView.swift; sourceTree = "<group>"; };
		18AF70132CC52F2300A15A05 /* Assets.xcassets */ = {isa = PBXFileReference; lastKnownFileType = folder.assetcatalog; path = Assets.xcassets; sourceTree = "<group>"; };
		18AF70162CC52F2300A15A05 /* Preview Assets.xcassets */ = {isa = PBXFileReference; lastKnownFileType = folder.assetcatalog; path = "Preview Assets.xcassets"; sourceTree = "<group>"; };
		18AF701C2CC52F2300A15A05 /* selfMaxTests.xctest */ = {isa = PBXFileReference; explicitFileType = wrapper.cfbundle; includeInIndex = 0; path = selfMaxTests.xctest; sourceTree = BUILT_PRODUCTS_DIR; };
		18AF70202CC52F2300A15A05 /* selfMaxTests.swift */ = {isa = PBXFileReference; lastKnownFileType = sourcecode.swift; path = selfMaxTests.swift; sourceTree = "<group>"; };
		18AF70262CC52F2300A15A05 /* selfMaxUITests.xctest */ = {isa = PBXFileReference; explicitFileType = wrapper.cfbundle; includeInIndex = 0; path = selfMaxUITests.xctest; sourceTree = BUILT_PRODUCTS_DIR; };
		18AF702A2CC52F2300A15A05 /* selfMaxUITests.swift */ = {isa = PBXFileReference; lastKnownFileType = sourcecode.swift; path = selfMaxUITests.swift; sourceTree = "<group>"; };
		18AF702C2CC52F2300A15A05 /* selfMaxUITestsLaunchTests.swift */ = {isa = PBXFileReference; lastKnownFileType = sourcecode.swift; path = selfMaxUITestsLaunchTests.swift; sourceTree = "<group>"; };
/* End PBXFileReference section */

/* Begin PBXFrameworksBuildPhase section */
		18AF70092CC52F2200A15A05 /* Frameworks */ = {
			isa = PBXFrameworksBuildPhase;
			buildActionMask = 2147483647;
			files = (
			);
			runOnlyForDeploymentPostprocessing = 0;
		};
		18AF70192CC52F2300A15A05 /* Frameworks */ = {
			isa = PBXFrameworksBuildPhase;
			buildActionMask = 2147483647;
			files = (
			);
			runOnlyForDeploymentPostprocessing = 0;
		};
		18AF70232CC52F2300A15A05 /* Frameworks */ = {
			isa = PBXFrameworksBuildPhase;
			buildActionMask = 2147483647;
			files = (
			);
			runOnlyForDeploymentPostprocessing = 0;
		};
/* End PBXFrameworksBuildPhase section */

/* Begin PBXGroup section */
		18AF70032CC52F2200A15A05 = {
			isa = PBXGroup;
			children = (
				18AF700E2CC52F2200A15A05 /* selfMax */,
				18AF701F2CC52F2300A15A05 /* selfMaxTests */,
				18AF70292CC52F2300A15A05 /* selfMaxUITests */,
				18AF700D2CC52F2200A15A05 /* Products */,
			);
			sourceTree = "<group>";
		};
		18AF700D2CC52F2200A15A05 /* Products */ = {
			isa = PBXGroup;
			children = (
				18AF700C2CC52F2200A15A05 /* selfMax.app */,
				18AF701C2CC52F2300A15A05 /* selfMaxTests.xctest */,
				18AF70262CC52F2300A15A05 /* selfMaxUITests.xctest */,
			);
			name = Products;
			sourceTree = "<group>";
		};
		18AF700E2CC52F2200A15A05 /* selfMax */ = {
			isa = PBXGroup;
			children = (
				18AF700F2CC52F2200A15A05 /* selfMaxApp.swift */,
				18AF70112CC52F2200A15A05 /* ContentView.swift */,
				18AF70132CC52F2300A15A05 /* Assets.xcassets */,
				18AF70152CC52F2300A15A05 /* Preview Content */,
			);
			path = selfMax;
			sourceTree = "<group>";
		};
		18AF70152CC52F2300A15A05 /* Preview Content */ = {
			isa = PBXGroup;
			children = (
				18AF70162CC52F2300A15A05 /* Preview Assets.xcassets */,
			);
			path = "Preview Content";
			sourceTree = "<group>";
		};
		18AF701F2CC52F2300A15A05 /* selfMaxTests */ = {
			isa = PBXGroup;
			children = (
				18AF70202CC52F2300A15A05 /* selfMaxTests.swift */,
			);
			path = selfMaxTests;
			sourceTree = "<group>";
		};
		18AF70292CC52F2300A15A05 /* selfMaxUITests */ = {
			isa = PBXGroup;
			children = (
				18AF702A2CC52F2300A15A05 /* selfMaxUITests.swift */,
				18AF702C2CC52F2300A15A05 /* selfMaxUITestsLaunchTests.swift */,
			);
			path = selfMaxUITests;
			sourceTree = "<group>";
		};
/* End PBXGroup section */

/* Begin PBXNativeTarget section */
		18AF700B2CC52F2200A15A05 /* selfMax */ = {
			isa = PBXNativeTarget;
			buildConfigurationList = 18AF70302CC52F2300A15A05 /* Build configuration list for PBXNativeTarget "selfMax" */;
			buildPhases = (
				18AF70082CC52F2200A15A05 /* Sources */,
				18AF70092CC52F2200A15A05 /* Frameworks */,
				18AF700A2CC52F2200A15A05 /* Resources */,
			);
			buildRules = (
			);
			dependencies = (
			);
			name = selfMax;
			productName = selfMax;
			productReference = 18AF700C2CC52F2200A15A05 /* selfMax.app */;
			productType = "com.apple.product-type.application";
		};
		18AF701B2CC52F2300A15A05 /* selfMaxTests */ = {
			isa = PBXNativeTarget;
			buildConfigurationList = 18AF70332CC52F2300A15A05 /* Build configuration list for PBXNativeTarget "selfMaxTests" */;
			buildPhases = (
				18AF70182CC52F2300A15A05 /* Sources */,
				18AF70192CC52F2300A15A05 /* Frameworks */,
				18AF701A2CC52F2300A15A05 /* Resources */,
			);
			buildRules = (
			);
			dependencies = (
				18AF701E2CC52F2300A15A05 /* PBXTargetDependency */,
			);
			name = selfMaxTests;
			productName = selfMaxTests;
			productReference = 18AF701C2CC52F2300A15A05 /* selfMaxTests.xctest */;
			productType = "com.apple.product-type.bundle.unit-test";
		};
		18AF70252CC52F2300A15A05 /* selfMaxUITests */ = {
			isa = PBXNativeTarget;
			buildConfigurationList = 18AF70362CC52F2300A15A05 /* Build configuration list for PBXNativeTarget "selfMaxUITests" */;
			buildPhases = (
				18AF70222CC52F2300A15A05 /* Sources */,
				18AF70232CC52F2300A15A05 /* Frameworks */,
				18AF70242CC52F2300A15A05 /* Resources */,
			);
			buildRules = (
			);
			dependencies = (
				18AF70282CC52F2300A15A05 /* PBXTargetDependency */,
			);
			name = selfMaxUITests;
			productName = selfMaxUITests;
			productReference = 18AF70262CC52F2300A15A05 /* selfMaxUITests.xctest */;
			productType = "com.apple.product-type.bundle.ui-testing";
		};
/* End PBXNativeTarget section */

/* Begin PBXProject section */
		18AF70042CC52F2200A15A05 /* Project object */ = {
			isa = PBXProject;
			attributes = {
				BuildIndependentTargetsInParallel = 1;
				LastSwiftUpdateCheck = 1540;
				LastUpgradeCheck = 1540;
				TargetAttributes = {
					18AF700B2CC52F2200A15A05 = {
						CreatedOnToolsVersion = 15.4;
					};
					18AF701B2CC52F2300A15A05 = {
						CreatedOnToolsVersion = 15.4;
						TestTargetID = 18AF700B2CC52F2200A15A05;
					};
					18AF70252CC52F2300A15A05 = {
						CreatedOnToolsVersion = 15.4;
						TestTargetID = 18AF700B2CC52F2200A15A05;
					};
				};
			};
			buildConfigurationList = 18AF70072CC52F2200A15A05 /* Build configuration list for PBXProject "selfMax" */;
			compatibilityVersion = "Xcode 14.0";
			developmentRegion = en;
			hasScannedForEncodings = 0;
			knownRegions = (
				en,
				Base,
			);
			mainGroup = 18AF70032CC52F2200A15A05;
			productRefGroup = 18AF700D2CC52F2200A15A05 /* Products */;
			projectDirPath = "";
			projectRoot = "";
			targets = (
				18AF700B2CC52F2200A15A05 /* selfMax */,
				18AF701B2CC52F2300A15A05 /* selfMaxTests */,
				18AF70252CC52F2300A15A05 /* selfMaxUITests */,
			);
		};
/* End PBXProject section */

/* Begin PBXResourcesBuildPhase section */
		18AF700A2CC52F2200A15A05 /* Resources */ = {
			isa = PBXResourcesBuildPhase;
			buildActionMask = 2147483647;
			files = (
				18AF70172CC52F2300A15A05 /* Preview Assets.xcassets in Resources */,
				18AF70142CC52F2300A15A05 /* Assets.xcassets in Resources */,
			);
			runOnlyForDeploymentPostprocessing = 0;
		};
		18AF701A2CC52F2300A15A05 /* Resources */ = {
			isa = PBXResourcesBuildPhase;
			buildActionMask = 2147483647;
			files = (
			);
			runOnlyForDeploymentPostprocessing = 0;
		};
		18AF70242CC52F2300A15A05 /* Resources */ = {
			isa = PBXResourcesBuildPhase;
			buildActionMask = 2147483647;
			files = (
			);
			runOnlyForDeploymentPostprocessing = 0;
		};
/* End PBXResourcesBuildPhase section */

/* Begin PBXSourcesBuildPhase section */
		18AF70082CC52F2200A15A05 /* Sources */ = {
			isa = PBXSourcesBuildPhase;
			buildActionMask = 2147483647;
			files = (
				18AF70122CC52F2200A15A05 /* ContentView.swift in Sources */,
				18AF70102CC52F2200A15A05 /* selfMaxApp.swift in Sources */,
			);
			runOnlyForDeploymentPostprocessing = 0;
		};
		18AF70182CC52F2300A15A05 /* Sources */ = {
			isa = PBXSourcesBuildPhase;
			buildActionMask = 2147483647;
			files = (
				18AF70212CC52F2300A15A05 /* selfMaxTests.swift in Sources */,
			);
			runOnlyForDeploymentPostprocessing = 0;
		};
		18AF70222CC52F2300A15A05 /* Sources */ = {
			isa = PBXSourcesBuildPhase;
			buildActionMask = 2147483647;
			files = (
				18AF702B2CC52F2300A15A05 /* selfMaxUITests.swift in Sources */,
				18AF702D2CC52F2300A15A05 /* selfMaxUITestsLaunchTests.swift in Sources */,
			);
			runOnlyForDeploymentPostprocessing = 0;
		};
/* End PBXSourcesBuildPhase section */

/* Begin PBXTargetDependency section */
		18AF701E2CC52F2300A15A05 /* PBXTargetDependency */ = {
			isa = PBXTargetDependency;
			target = 18AF700B2CC52F2200A15A05 /* selfMax */;
			targetProxy = 18AF701D2CC52F2300A15A05 /* PBXContainerItemProxy */;
		};
		18AF70282CC52F2300A15A05 /* PBXTargetDependency */ = {
			isa = PBXTargetDependency;
			target = 18AF700B2CC52F2200A15A05 /* selfMax */;
			targetProxy = 18AF70272CC52F2300A15A05 /* PBXContainerItemProxy */;
		};
/* End PBXTargetDependency section */

/* Begin XCBuildConfiguration section */
		18AF702E2CC52F2300A15A05 /* Debug */ = {
			isa = XCBuildConfiguration;
			buildSettings = {
				ALWAYS_SEARCH_USER_PATHS = NO;
				ASSETCATALOG_COMPILER_GENERATE_SWIFT_ASSET_SYMBOL_EXTENSIONS = YES;
				CLANG_ANALYZER_NONNULL = YES;
				CLANG_ANALYZER_NUMBER_OBJECT_CONVERSION = YES_AGGRESSIVE;
				CLANG_CXX_LANGUAGE_STANDARD = "gnu++20";
				CLANG_ENABLE_MODULES = YES;
				CLANG_ENABLE_OBJC_ARC = YES;
				CLANG_ENABLE_OBJC_WEAK = YES;
				CLANG_WARN_BLOCK_CAPTURE_AUTORELEASING = YES;
				CLANG_WARN_BOOL_CONVERSION = YES;
				CLANG_WARN_COMMA = YES;
				CLANG_WARN_CONSTANT_CONVERSION = YES;
				CLANG_WARN_DEPRECATED_OBJC_IMPLEMENTATIONS = YES;
				CLANG_WARN_DIRECT_OBJC_ISA_USAGE = YES_ERROR;
				CLANG_WARN_DOCUMENTATION_COMMENTS = YES;
				CLANG_WARN_EMPTY_BODY = YES;
				CLANG_WARN_ENUM_CONVERSION = YES;
				CLANG_WARN_INFINITE_RECURSION = YES;
				CLANG_WARN_INT_CONVERSION = YES;
				CLANG_WARN_NON_LITERAL_NULL_CONVERSION = YES;
				CLANG_WARN_OBJC_IMPLICIT_RETAIN_SELF = YES;
				CLANG_WARN_OBJC_LITERAL_CONVERSION = YES;
				CLANG_WARN_OBJC_ROOT_CLASS = YES_ERROR;
				CLANG_WARN_QUOTED_INCLUDE_IN_FRAMEWORK_HEADER = YES;
				CLANG_WARN_RANGE_LOOP_ANALYSIS = YES;
				CLANG_WARN_STRICT_PROTOTYPES = YES;
				CLANG_WARN_SUSPICIOUS_MOVE = YES;
				CLANG_WARN_UNGUARDED_AVAILABILITY = YES_AGGRESSIVE;
				CLANG_WARN_UNREACHABLE_CODE = YES;
				CLANG_WARN__DUPLICATE_METHOD_MATCH = YES;
				COPY_PHASE_STRIP = NO;
				DEBUG_INFORMATION_FORMAT = dwarf;
				ENABLE_STRICT_OBJC_MSGSEND = YES;
				ENABLE_TESTABILITY = YES;
				ENABLE_USER_SCRIPT_SANDBOXING = YES;
				GCC_C_LANGUAGE_STANDARD = gnu17;
				GCC_DYNAMIC_NO_PIC = NO;
				GCC_NO_COMMON_BLOCKS = YES;
				GCC_OPTIMIZATION_LEVEL = 0;
				GCC_PREPROCESSOR_DEFINITIONS = (
					"DEBUG=1",
					"$(inherited)",
				);
				GCC_WARN_64_TO_32_BIT_CONVERSION = YES;
				GCC_WARN_ABOUT_RETURN_TYPE = YES_ERROR;
				GCC_WARN_UNDECLARED_SELECTOR = YES;
				GCC_WARN_UNINITIALIZED_AUTOS = YES_AGGRESSIVE;
				GCC_WARN_UNUSED_FUNCTION = YES;
				GCC_WARN_UNUSED_VARIABLE = YES;
				IPHONEOS_DEPLOYMENT_TARGET = 17.5;
				LOCALIZATION_PREFERS_STRING_CATALOGS = YES;
				MTL_ENABLE_DEBUG_INFO = INCLUDE_SOURCE;
				MTL_FAST_MATH = YES;
				ONLY_ACTIVE_ARCH = YES;
				SDKROOT = iphoneos;
				SWIFT_ACTIVE_COMPILATION_CONDITIONS = "DEBUG $(inherited)";
				SWIFT_OPTIMIZATION_LEVEL = "-Onone";
			};
			name = Debug;
		};
		18AF702F2CC52F2300A15A05 /* Release */ = {
			isa = XCBuildConfiguration;
			buildSettings = {
				ALWAYS_SEARCH_USER_PATHS = NO;
				ASSETCATALOG_COMPILER_GENERATE_SWIFT_ASSET_SYMBOL_EXTENSIONS = YES;
				CLANG_ANALYZER_NONNULL = YES;
				CLANG_ANALYZER_NUMBER_OBJECT_CONVERSION = YES_AGGRESSIVE;
				CLANG_CXX_LANGUAGE_STANDARD = "gnu++20";
				CLANG_ENABLE_MODULES = YES;
				CLANG_ENABLE_OBJC_ARC = YES;
				CLANG_ENABLE_OBJC_WEAK = YES;
				CLANG_WARN_BLOCK_CAPTURE_AUTORELEASING = YES;
				CLANG_WARN_BOOL_CONVERSION = YES;
				CLANG_WARN_COMMA = YES;
				CLANG_WARN_CONSTANT_CONVERSION = YES;
				CLANG_WARN_DEPRECATED_OBJC_IMPLEMENTATIONS = YES;
				CLANG_WARN_DIRECT_OBJC_ISA_USAGE = YES_ERROR;
				CLANG_WARN_DOCUMENTATION_COMMENTS = YES;
				CLANG_WARN_EMPTY_BODY = YES;
				CLANG_WARN_ENUM_CONVERSION = YES;
				CLANG_WARN_INFINITE_RECURSION = YES;
				CLANG_WARN_INT_CONVERSION = YES;
				CLANG_WARN_NON_LITERAL_NULL_CONVERSION = YES;
				CLANG_WARN_OBJC_IMPLICIT_RETAIN_SELF = YES;
				CLANG_WARN_OBJC_LITERAL_CONVERSION = YES;
				CLANG_WARN_OBJC_ROOT_CLASS = YES_ERROR;
				CLANG_WARN_QUOTED_INCLUDE_IN_FRAMEWORK_HEADER = YES;
				CLANG_WARN_RANGE_LOOP_ANALYSIS = YES;
				CLANG_WARN_STRICT_PROTOTYPES = YES;
				CLANG_WARN_SUSPICIOUS_MOVE = YES;
				CLANG_WARN_UNGUARDED_AVAILABILITY = YES_AGGRESSIVE;
				CLANG_WARN_UNREACHABLE_CODE = YES;
				CLANG_WARN__DUPLICATE_METHOD_MATCH = YES;
				COPY_PHASE_STRIP = NO;
				DEBUG_INFORMATION_FORMAT = "dwarf-with-dsym";
				ENABLE_NS_ASSERTIONS = NO;
				ENABLE_STRICT_OBJC_MSGSEND = YES;
				ENABLE_USER_SCRIPT_SANDBOXING = YES;
				GCC_C_LANGUAGE_STANDARD = gnu17;
				GCC_NO_COMMON_BLOCKS = YES;
				GCC_WARN_64_TO_32_BIT_CONVERSION = YES;
				GCC_WARN_ABOUT_RETURN_TYPE = YES_ERROR;
				GCC_WARN_UNDECLARED_SELECTOR = YES;
				GCC_WARN_UNINITIALIZED_AUTOS = YES_AGGRESSIVE;
				GCC_WARN_UNUSED_FUNCTION = YES;
				GCC_WARN_UNUSED_VARIABLE = YES;
				IPHONEOS_DEPLOYMENT_TARGET = 17.5;
				LOCALIZATION_PREFERS_STRING_CATALOGS = YES;
				MTL_ENABLE_DEBUG_INFO = NO;
				MTL_FAST_MATH = YES;
				SDKROOT = iphoneos;
				SWIFT_COMPILATION_MODE = wholemodule;
				VALIDATE_PRODUCT = YES;
			};
			name = Release;
		};
		18AF70312CC52F2300A15A05 /* Debug */ = {
			isa = XCBuildConfiguration;
			buildSettings = {
				ASSETCATALOG_COMPILER_APPICON_NAME = AppIcon;
				ASSETCATALOG_COMPILER_GLOBAL_ACCENT_COLOR_NAME = AccentColor;
				CODE_SIGN_STYLE = Automatic;
				CURRENT_PROJECT_VERSION = 1;
				DEVELOPMENT_ASSET_PATHS = "\"selfMax/Preview Content\"";
				ENABLE_PREVIEWS = YES;
				GENERATE_INFOPLIST_FILE = YES;
				INFOPLIST_KEY_UIApplicationSceneManifest_Generation = YES;
				INFOPLIST_KEY_UIApplicationSupportsIndirectInputEvents = YES;
				INFOPLIST_KEY_UILaunchScreen_Generation = YES;
				INFOPLIST_KEY_UISupportedInterfaceOrientations_iPad = "UIInterfaceOrientationPortrait UIInterfaceOrientationPortraitUpsideDown UIInterfaceOrientationLandscapeLeft UIInterfaceOrientationLandscapeRight";
				INFOPLIST_KEY_UISupportedInterfaceOrientations_iPhone = "UIInterfaceOrientationPortrait UIInterfaceOrientationLandscapeLeft UIInterfaceOrientationLandscapeRight";
				LD_RUNPATH_SEARCH_PATHS = (
					"$(inherited)",
					"@executable_path/Frameworks",
				);
				MARKETING_VERSION = 1.0;
				PRODUCT_BUNDLE_IDENTIFIER = "liam-timberg.selfMax";
				PRODUCT_NAME = "$(TARGET_NAME)";
				SWIFT_EMIT_LOC_STRINGS = YES;
				SWIFT_VERSION = 5.0;
				TARGETED_DEVICE_FAMILY = "1,2";
			};
			name = Debug;
		};
		18AF70322CC52F2300A15A05 /* Release */ = {
			isa = XCBuildConfiguration;
			buildSettings = {
				ASSETCATALOG_COMPILER_APPICON_NAME = AppIcon;
				ASSETCATALOG_COMPILER_GLOBAL_ACCENT_COLOR_NAME = AccentColor;
				CODE_SIGN_STYLE = Automatic;
				CURRENT_PROJECT_VERSION = 1;
				DEVELOPMENT_ASSET_PATHS = "\"selfMax/Preview Content\"";
				ENABLE_PREVIEWS = YES;
				GENERATE_INFOPLIST_FILE = YES;
				INFOPLIST_KEY_UIApplicationSceneManifest_Generation = YES;
				INFOPLIST_KEY_UIApplicationSupportsIndirectInputEvents = YES;
				INFOPLIST_KEY_UILaunchScreen_Generation = YES;
				INFOPLIST_KEY_UISupportedInterfaceOrientations_iPad = "UIInterfaceOrientationPortrait UIInterfaceOrientationPortraitUpsideDown UIInterfaceOrientationLandscapeLeft UIInterfaceOrientationLandscapeRight";
				INFOPLIST_KEY_UISupportedInterfaceOrientations_iPhone = "UIInterfaceOrientationPortrait UIInterfaceOrientationLandscapeLeft UIInterfaceOrientationLandscapeRight";
				LD_RUNPATH_SEARCH_PATHS = (
					"$(inherited)",
					"@executable_path/Frameworks",
				);
				MARKETING_VERSION = 1.0;
				PRODUCT_BUNDLE_IDENTIFIER = "liam-timberg.selfMax";
				PRODUCT_NAME = "$(TARGET_NAME)";
				SWIFT_EMIT_LOC_STRINGS = YES;
				SWIFT_VERSION = 5.0;
				TARGETED_DEVICE_FAMILY = "1,2";
			};
			name = Release;
		};
		18AF70342CC52F2300A15A05 /* Debug */ = {
			isa = XCBuildConfiguration;
			buildSettings = {
				ALWAYS_EMBED_SWIFT_STANDARD_LIBRARIES = YES;
				BUNDLE_LOADER = "$(TEST_HOST)";
				CODE_SIGN_STYLE = Automatic;
				CURRENT_PROJECT_VERSION = 1;
				GENERATE_INFOPLIST_FILE = YES;
				IPHONEOS_DEPLOYMENT_TARGET = 17.5;
				MARKETING_VERSION = 1.0;
				PRODUCT_BUNDLE_IDENTIFIER = "liam-timberg.selfMaxTests";
				PRODUCT_NAME = "$(TARGET_NAME)";
				SWIFT_EMIT_LOC_STRINGS = NO;
				SWIFT_VERSION = 5.0;
				TARGETED_DEVICE_FAMILY = "1,2";
				TEST_HOST = "$(BUILT_PRODUCTS_DIR)/selfMax.app/$(BUNDLE_EXECUTABLE_FOLDER_PATH)/selfMax";
			};
			name = Debug;
		};
		18AF70352CC52F2300A15A05 /* Release */ = {
			isa = XCBuildConfiguration;
			buildSettings = {
				ALWAYS_EMBED_SWIFT_STANDARD_LIBRARIES = YES;
				BUNDLE_LOADER = "$(TEST_HOST)";
				CODE_SIGN_STYLE = Automatic;
				CURRENT_PROJECT_VERSION = 1;
				GENERATE_INFOPLIST_FILE = YES;
				IPHONEOS_DEPLOYMENT_TARGET = 17.5;
				MARKETING_VERSION = 1.0;
				PRODUCT_BUNDLE_IDENTIFIER = "liam-timberg.selfMaxTests";
				PRODUCT_NAME = "$(TARGET_NAME)";
				SWIFT_EMIT_LOC_STRINGS = NO;
				SWIFT_VERSION = 5.0;
				TARGETED_DEVICE_FAMILY = "1,2";
				TEST_HOST = "$(BUILT_PRODUCTS_DIR)/selfMax.app/$(BUNDLE_EXECUTABLE_FOLDER_PATH)/selfMax";
			};
			name = Release;
		};
		18AF70372CC52F2300A15A05 /* Debug */ = {
			isa = XCBuildConfiguration;
			buildSettings = {
				ALWAYS_EMBED_SWIFT_STANDARD_LIBRARIES = YES;
				CODE_SIGN_STYLE = Automatic;
				CURRENT_PROJECT_VERSION = 1;
				GENERATE_INFOPLIST_FILE = YES;
				MARKETING_VERSION = 1.0;
				PRODUCT_BUNDLE_IDENTIFIER = "liam-timberg.selfMaxUITests";
				PRODUCT_NAME = "$(TARGET_NAME)";
				SWIFT_EMIT_LOC_STRINGS = NO;
				SWIFT_VERSION = 5.0;
				TARGETED_DEVICE_FAMILY = "1,2";
				TEST_TARGET_NAME = selfMax;
			};
			name = Debug;
		};
		18AF70382CC52F2300A15A05 /* Release */ = {
			isa = XCBuildConfiguration;
			buildSettings = {
				ALWAYS_EMBED_SWIFT_STANDARD_LIBRARIES = YES;
				CODE_SIGN_STYLE = Automatic;
				CURRENT_PROJECT_VERSION = 1;
				GENERATE_INFOPLIST_FILE = YES;
				MARKETING_VERSION = 1.0;
				PRODUCT_BUNDLE_IDENTIFIER = "liam-timberg.selfMaxUITests";
				PRODUCT_NAME = "$(TARGET_NAME)";
				SWIFT_EMIT_LOC_STRINGS = NO;
				SWIFT_VERSION = 5.0;
				TARGETED_DEVICE_FAMILY = "1,2";
				TEST_TARGET_NAME = selfMax;
			};
			name = Release;
		};
/* End XCBuildConfiguration section */

/* Begin XCConfigurationList section */
		18AF70072CC52F2200A15A05 /* Build configuration list for PBXProject "selfMax" */ = {
			isa = XCConfigurationList;
			buildConfigurations = (
				18AF702E2CC52F2300A15A05 /* Debug */,
				18AF702F2CC52F2300A15A05 /* Release */,
			);
			defaultConfigurationIsVisible = 0;
			defaultConfigurationName = Release;
		};
		18AF70302CC52F2300A15A05 /* Build configuration list for PBXNativeTarget "selfMax" */ = {
			isa = XCConfigurationList;
			buildConfigurations = (
				18AF70312CC52F2300A15A05 /* Debug */,
				18AF70322CC52F2300A15A05 /* Release */,
			);
			defaultConfigurationIsVisible = 0;
			defaultConfigurationName = Release;
		};
		18AF70332CC52F2300A15A05 /* Build configuration list for PBXNativeTarget "selfMaxTests" */ = {
			isa = XCConfigurationList;
			buildConfigurations = (
				18AF70342CC52F2300A15A05 /* Debug */,
				18AF70352CC52F2300A15A05 /* Release */,
			);
			defaultConfigurationIsVisible = 0;
			defaultConfigurationName = Release;
		};
		18AF70362CC52F2300A15A05 /* Build configuration list for PBXNativeTarget "selfMaxUITests" */ = {
			isa = XCConfigurationList;
			buildConfigurations = (
				18AF70372CC52F2300A15A05 /* Debug */,
				18AF70382CC52F2300A15A05 /* Release */,
			);
			defaultConfigurationIsVisible = 0;
			defaultConfigurationName = Release;
		};
/* End XCConfigurationList section */
	};
	rootObject = 18AF70042CC52F2200A15A05 /* Project object */;
}
